
Microsoft Visual Studio Solution File, Format Version 12.00
# Visual Studio Version 16
VisualStudioVersion = 16.0.30011.22
MinimumVisualStudioVersion = 10.0.40219.1
Project("{FAE04EC0-301F-11D3-BF4B-00C04F79EFBC}") = "MarkovBOT", "MarkovBOT\MarkovBOT.csproj", "{0F801DF3-487B-4036-A168-F2FF730633B9}"
EndProject
Global
	GlobalSection(SolutionConfigurationPlatforms) = preSolution
		Debug|Any CPU = Debug|Any CPU
		Release|Any CPU = Release|Any CPU
	EndGlobalSection
	GlobalSection(ProjectConfigurationPlatforms) = postSolution
		{0F801DF3-487B-4036-A168-F2FF730633B9}.Debug|Any CPU.ActiveCfg = Debug|Any CPU
		{0F801DF3-487B-4036-A168-F2FF730633B9}.Debug|Any CPU.Build.0 = Debug|Any CPU
		{0F801DF3-487B-4036-A168-F2FF730633B9}.Release|Any CPU.ActiveCfg = Release|Any CPU
		{0F801DF3-487B-4036-A168-F2FF730633B9}.Release|Any CPU.Build.0 = Release|Any CPU
	EndGlobalSection
	GlobalSection(SolutionProperties) = preSolution
		HideSolutionNode = FALSE
	EndGlobalSection
	GlobalSection(ExtensibilityGlobals) = postSolution
		SolutionGuid = {1993DEB3-C7F6-430F-B1C5-0D5DDB220470}
	EndGlobalSection
EndGlobal
